// !$*UTF8*$!
{
	archiveVersion = 1;
	classes = {
	};
	objectVersion = 55;
	objects = {

/* Begin PBXBuildFile section */
		993AD32F2826A908005D4D43 /* ToDoApp.swift in Sources */ = {isa = PBXBuildFile; fileRef = 993AD32E2826A908005D4D43 /* ToDoApp.swift */; };
		993AD3312826A908005D4D43 /* ContentView.swift in Sources */ = {isa = PBXBuildFile; fileRef = 993AD3302826A908005D4D43 /* ContentView.swift */; };
		993AD3332826A909005D4D43 /* Assets.xcassets in Resources */ = {isa = PBXBuildFile; fileRef = 993AD3322826A909005D4D43 /* Assets.xcassets */; };
		993AD3362826A909005D4D43 /* Preview Assets.xcassets in Resources */ = {isa = PBXBuildFile; fileRef = 993AD3352826A909005D4D43 /* Preview Assets.xcassets */; };
		993AD3432826AA9E005D4D43 /* ToDoRowView.swift in Sources */ = {isa = PBXBuildFile; fileRef = 993AD3422826AA9E005D4D43 /* ToDoRowView.swift */; };
		993AD3452826AB1F005D4D43 /* ToDoItem.swift in Sources */ = {isa = PBXBuildFile; fileRef = 993AD3442826AB1F005D4D43 /* ToDoItem.swift */; };
		993AD3472826ACEB005D4D43 /* DataStore.swift in Sources */ = {isa = PBXBuildFile; fileRef = 993AD3462826ACEB005D4D43 /* DataStore.swift */; };
		993AD3492826AD6A005D4D43 /* ListViewModel.swift in Sources */ = {isa = PBXBuildFile; fileRef = 993AD3482826AD6A005D4D43 /* ListViewModel.swift */; };
		993AD34B2826ADEC005D4D43 /* ToDoListView.swift in Sources */ = {isa = PBXBuildFile; fileRef = 993AD34A2826ADEC005D4D43 /* ToDoListView.swift */; };
		993AD34D2826AEF5005D4D43 /* AddItemView.swift in Sources */ = {isa = PBXBuildFile; fileRef = 993AD34C2826AEF5005D4D43 /* AddItemView.swift */; };
/* End PBXBuildFile section */

/* Begin PBXFileReference section */
		993AD32B2826A908005D4D43 /* ToDo.app */ = {isa = PBXFileReference; explicitFileType = wrapper.application; includeInIndex = 0; path = ToDo.app; sourceTree = BUILT_PRODUCTS_DIR; };
		993AD32E2826A908005D4D43 /* ToDoApp.swift */ = {isa = PBXFileReference; lastKnownFileType = sourcecode.swift; path = ToDoApp.swift; sourceTree = "<group>"; };
		993AD3302826A908005D4D43 /* ContentView.swift */ = {isa = PBXFileReference; lastKnownFileType = sourcecode.swift; path = ContentView.swift; sourceTree = "<group>"; };
		993AD3322826A909005D4D43 /* Assets.xcassets */ = {isa = PBXFileReference; lastKnownFileType = folder.assetcatalog; path = Assets.xcassets; sourceTree = "<group>"; };
		993AD3352826A909005D4D43 /* Preview Assets.xcassets */ = {isa = PBXFileReference; lastKnownFileType = folder.assetcatalog; path = "Preview Assets.xcassets"; sourceTree = "<group>"; };
		993AD3422826AA9E005D4D43 /* ToDoRowView.swift */ = {isa = PBXFileReference; lastKnownFileType = sourcecode.swift; path = ToDoRowView.swift; sourceTree = "<group>"; };
		993AD3442826AB1F005D4D43 /* ToDoItem.swift */ = {isa = PBXFileReference; lastKnownFileType = sourcecode.swift; path = ToDoItem.swift; sourceTree = "<group>"; };
		993AD3462826ACEB005D4D43 /* DataStore.swift */ = {isa = PBXFileReference; lastKnownFileType = sourcecode.swift; path = DataStore.swift; sourceTree = "<group>"; };
		993AD3482826AD6A005D4D43 /* ListViewModel.swift */ = {isa = PBXFileReference; lastKnownFileType = sourcecode.swift; path = ListViewModel.swift; sourceTree = "<group>"; };
		993AD34A2826ADEC005D4D43 /* ToDoListView.swift */ = {isa = PBXFileReference; lastKnownFileType = sourcecode.swift; path = ToDoListView.swift; sourceTree = "<group>"; };
		993AD34C2826AEF5005D4D43 /* AddItemView.swift */ = {isa = PBXFileReference; lastKnownFileType = sourcecode.swift; path = AddItemView.swift; sourceTree = "<group>"; };
/* End PBXFileReference section */

/* Begin PBXFrameworksBuildPhase section */
		993AD3282826A908005D4D43 /* Frameworks */ = {
			isa = PBXFrameworksBuildPhase;
			buildActionMask = 2147483647;
			files = (
			);
			runOnlyForDeploymentPostprocessing = 0;
		};
/* End PBXFrameworksBuildPhase section */

/* Begin PBXGroup section */
		993AD3222826A908005D4D43 = {
			isa = PBXGroup;
			children = (
				993AD32D2826A908005D4D43 /* ToDo */,
				993AD32C2826A908005D4D43 /* Products */,
			);
			sourceTree = "<group>";
		};
		993AD32C2826A908005D4D43 /* Products */ = {
			isa = PBXGroup;
			children = (
				993AD32B2826A908005D4D43 /* ToDo.app */,
			);
			name = Products;
			sourceTree = "<group>";
		};
		993AD32D2826A908005D4D43 /* ToDo */ = {
			isa = PBXGroup;
			children = (
				993AD33C2826A95F005D4D43 /* Source */,
				993AD33D2826A963005D4D43 /* Resources */,
				993AD3342826A909005D4D43 /* Preview Content */,
			);
			path = ToDo;
			sourceTree = "<group>";
		};
		993AD3342826A909005D4D43 /* Preview Content */ = {
			isa = PBXGroup;
			children = (
				993AD3352826A909005D4D43 /* Preview Assets.xcassets */,
			);
			path = "Preview Content";
			sourceTree = "<group>";
		};
		993AD33C2826A95F005D4D43 /* Source */ = {
			isa = PBXGroup;
			children = (
				993AD33E2826A978005D4D43 /* App */,
				993AD33F2826A97B005D4D43 /* Views */,
				993AD3402826A982005D4D43 /* Model */,
				993AD3412826A98A005D4D43 /* ViewModel */,
			);
			path = Source;
			sourceTree = "<group>";
		};
		993AD33D2826A963005D4D43 /* Resources */ = {
			isa = PBXGroup;
			children = (
				993AD3322826A909005D4D43 /* Assets.xcassets */,
			);
			path = Resources;
			sourceTree = "<group>";
		};
		993AD33E2826A978005D4D43 /* App */ = {
			isa = PBXGroup;
			children = (
				993AD32E2826A908005D4D43 /* ToDoApp.swift */,
			);
			path = App;
			sourceTree = "<group>";
		};
		993AD33F2826A97B005D4D43 /* Views */ = {
			isa = PBXGroup;
			children = (
				993AD3302826A908005D4D43 /* ContentView.swift */,
				993AD3422826AA9E005D4D43 /* ToDoRowView.swift */,
				993AD34A2826ADEC005D4D43 /* ToDoListView.swift */,
				993AD34C2826AEF5005D4D43 /* AddItemView.swift */,
			);
			path = Views;
			sourceTree = "<group>";
		};
		993AD3402826A982005D4D43 /* Model */ = {
			isa = PBXGroup;
			children = (
				993AD3442826AB1F005D4D43 /* ToDoItem.swift */,
				993AD3462826ACEB005D4D43 /* DataStore.swift */,
			);
			path = Model;
			sourceTree = "<group>";
		};
		993AD3412826A98A005D4D43 /* ViewModel */ = {
			isa = PBXGroup;
			children = (
				993AD3482826AD6A005D4D43 /* ListViewModel.swift */,
			);
			path = ViewModel;
			sourceTree = "<group>";
		};
/* End PBXGroup section */

/* Begin PBXNativeTarget section */
		993AD32A2826A908005D4D43 /* ToDo */ = {
			isa = PBXNativeTarget;
			buildConfigurationList = 993AD3392826A909005D4D43 /* Build configuration list for PBXNativeTarget "ToDo" */;
			buildPhases = (
				993AD3272826A908005D4D43 /* Sources */,
				993AD3282826A908005D4D43 /* Frameworks */,
				993AD3292826A908005D4D43 /* Resources */,
			);
			buildRules = (
			);
			dependencies = (
			);
			name = ToDo;
			productName = ToDo;
			productReference = 993AD32B2826A908005D4D43 /* ToDo.app */;
			productType = "com.apple.product-type.application";
		};
/* End PBXNativeTarget section */

/* Begin PBXProject section */
		993AD3232826A908005D4D43 /* Project object */ = {
			isa = PBXProject;
			attributes = {
				BuildIndependentTargetsInParallel = 1;
				LastSwiftUpdateCheck = 1330;
				LastUpgradeCheck = 1330;
				TargetAttributes = {
					993AD32A2826A908005D4D43 = {
						CreatedOnToolsVersion = 13.3.1;
					};
				};
			};
			buildConfigurationList = 993AD3262826A908005D4D43 /* Build configuration list for PBXProject "ToDo" */;
			compatibilityVersion = "Xcode 13.0";
			developmentRegion = en;
			hasScannedForEncodings = 0;
			knownRegions = (
				en,
				Base,
			);
			mainGroup = 993AD3222826A908005D4D43;
			productRefGroup = 993AD32C2826A908005D4D43 /* Products */;
			projectDirPath = "";
			projectRoot = "";
			targets = (
				993AD32A2826A908005D4D43 /* ToDo */,
			);
		};
/* End PBXProject section */

/* Begin PBXResourcesBuildPhase section */
		993AD3292826A908005D4D43 /* Resources */ = {
			isa = PBXResourcesBuildPhase;
			buildActionMask = 2147483647;
			files = (
				993AD3362826A909005D4D43 /* Preview Assets.xcassets in Resources */,
				993AD3332826A909005D4D43 /* Assets.xcassets in Resources */,
			);
			runOnlyForDeploymentPostprocessing = 0;
		};
/* End PBXResourcesBuildPhase section */

/* Begin PBXSourcesBuildPhase section */
		993AD3272826A908005D4D43 /* Sources */ = {
			isa = PBXSourcesBuildPhase;
			buildActionMask = 2147483647;
			files = (
				993AD3312826A908005D4D43 /* ContentView.swift in Sources */,
				993AD32F2826A908005D4D43 /* ToDoApp.swift in Sources */,
				993AD3492826AD6A005D4D43 /* ListViewModel.swift in Sources */,
				993AD3452826AB1F005D4D43 /* ToDoItem.swift in Sources */,
				993AD3472826ACEB005D4D43 /* DataStore.swift in Sources */,
				993AD34B2826ADEC005D4D43 /* ToDoListView.swift in Sources */,
				993AD3432826AA9E005D4D43 /* ToDoRowView.swift in Sources */,
				993AD34D2826AEF5005D4D43 /* AddItemView.swift in Sources */,
			);
			runOnlyForDeploymentPostprocessing = 0;
		};
/* End PBXSourcesBuildPhase section */

/* Begin XCBuildConfiguration section */
		993AD3372826A909005D4D43 /* Debug */ = {
			isa = XCBuildConfiguration;
			buildSettings = {
				ALWAYS_SEARCH_USER_PATHS = NO;
				CLANG_ANALYZER_NONNULL = YES;
				CLANG_ANALYZER_NUMBER_OBJECT_CONVERSION = YES_AGGRESSIVE;
				CLANG_CXX_LANGUAGE_STANDARD = "gnu++17";
				CLANG_ENABLE_MODULES = YES;
				CLANG_ENABLE_OBJC_ARC = YES;
				CLANG_ENABLE_OBJC_WEAK = YES;
				CLANG_WARN_BLOCK_CAPTURE_AUTORELEASING = YES;
				CLANG_WARN_BOOL_CONVERSION = YES;
				CLANG_WARN_COMMA = YES;
				CLANG_WARN_CONSTANT_CONVERSION = YES;
				CLANG_WARN_DEPRECATED_OBJC_IMPLEMENTATIONS = YES;
				CLANG_WARN_DIRECT_OBJC_ISA_USAGE = YES_ERROR;
				CLANG_WARN_DOCUMENTATION_COMMENTS = YES;
				CLANG_WARN_EMPTY_BODY = YES;
				CLANG_WARN_ENUM_CONVERSION = YES;
				CLANG_WARN_INFINITE_RECURSION = YES;
				CLANG_WARN_INT_CONVERSION = YES;
				CLANG_WARN_NON_LITERAL_NULL_CONVERSION = YES;
				CLANG_WARN_OBJC_IMPLICIT_RETAIN_SELF = YES;
				CLANG_WARN_OBJC_LITERAL_CONVERSION = YES;
				CLANG_WARN_OBJC_ROOT_CLASS = YES_ERROR;
				CLANG_WARN_QUOTED_INCLUDE_IN_FRAMEWORK_HEADER = YES;
				CLANG_WARN_RANGE_LOOP_ANALYSIS = YES;
				CLANG_WARN_STRICT_PROTOTYPES = YES;
				CLANG_WARN_SUSPICIOUS_MOVE = YES;
				CLANG_WARN_UNGUARDED_AVAILABILITY = YES_AGGRESSIVE;
				CLANG_WARN_UNREACHABLE_CODE = YES;
				CLANG_WARN__DUPLICATE_METHOD_MATCH = YES;
				COPY_PHASE_STRIP = NO;
				DEBUG_INFORMATION_FORMAT = dwarf;
				ENABLE_STRICT_OBJC_MSGSEND = YES;
				ENABLE_TESTABILITY = YES;
				GCC_C_LANGUAGE_STANDARD = gnu11;
				GCC_DYNAMIC_NO_PIC = NO;
				GCC_NO_COMMON_BLOCKS = YES;
				GCC_OPTIMIZATION_LEVEL = 0;
				GCC_PREPROCESSOR_DEFINITIONS = (
					"DEBUG=1",
					"$(inherited)",
				);
				GCC_WARN_64_TO_32_BIT_CONVERSION = YES;
				GCC_WARN_ABOUT_RETURN_TYPE = YES_ERROR;
				GCC_WARN_UNDECLARED_SELECTOR = YES;
				GCC_WARN_UNINITIALIZED_AUTOS = YES_AGGRESSIVE;
				GCC_WARN_UNUSED_FUNCTION = YES;
				GCC_WARN_UNUSED_VARIABLE = YES;
				IPHONEOS_DEPLOYMENT_TARGET = 15.4;
				MTL_ENABLE_DEBUG_INFO = INCLUDE_SOURCE;
				MTL_FAST_MATH = YES;
				ONLY_ACTIVE_ARCH = YES;
				SDKROOT = iphoneos;
				SWIFT_ACTIVE_COMPILATION_CONDITIONS = DEBUG;
				SWIFT_OPTIMIZATION_LEVEL = "-Onone";
			};
			name = Debug;
		};
		993AD3382826A909005D4D43 /* Release */ = {
			isa = XCBuildConfiguration;
			buildSettings = {
				ALWAYS_SEARCH_USER_PATHS = NO;
				CLANG_ANALYZER_NONNULL = YES;
				CLANG_ANALYZER_NUMBER_OBJECT_CONVERSION = YES_AGGRESSIVE;
				CLANG_CXX_LANGUAGE_STANDARD = "gnu++17";
				CLANG_ENABLE_MODULES = YES;
				CLANG_ENABLE_OBJC_ARC = YES;
				CLANG_ENABLE_OBJC_WEAK = YES;
				CLANG_WARN_BLOCK_CAPTURE_AUTORELEASING = YES;
				CLANG_WARN_BOOL_CONVERSION = YES;
				CLANG_WARN_COMMA = YES;
				CLANG_WARN_CONSTANT_CONVERSION = YES;
				CLANG_WARN_DEPRECATED_OBJC_IMPLEMENTATIONS = YES;
				CLANG_WARN_DIRECT_OBJC_ISA_USAGE = YES_ERROR;
				CLANG_WARN_DOCUMENTATION_COMMENTS = YES;
				CLANG_WARN_EMPTY_BODY = YES;
				CLANG_WARN_ENUM_CONVERSION = YES;
				CLANG_WARN_INFINITE_RECURSION = YES;
				CLANG_WARN_INT_CONVERSION = YES;
				CLANG_WARN_NON_LITERAL_NULL_CONVERSION = YES;
				CLANG_WARN_OBJC_IMPLICIT_RETAIN_SELF = YES;
				CLANG_WARN_OBJC_LITERAL_CONVERSION = YES;
				CLANG_WARN_OBJC_ROOT_CLASS = YES_ERROR;
				CLANG_WARN_QUOTED_INCLUDE_IN_FRAMEWORK_HEADER = YES;
				CLANG_WARN_RANGE_LOOP_ANALYSIS = YES;
				CLANG_WARN_STRICT_PROTOTYPES = YES;
				CLANG_WARN_SUSPICIOUS_MOVE = YES;
				CLANG_WARN_UNGUARDED_AVAILABILITY = YES_AGGRESSIVE;
				CLANG_WARN_UNREACHABLE_CODE = YES;
				CLANG_WARN__DUPLICATE_METHOD_MATCH = YES;
				COPY_PHASE_STRIP = NO;
				DEBUG_INFORMATION_FORMAT = "dwarf-with-dsym";
				ENABLE_NS_ASSERTIONS = NO;
				ENABLE_STRICT_OBJC_MSGSEND = YES;
				GCC_C_LANGUAGE_STANDARD = gnu11;
				GCC_NO_COMMON_BLOCKS = YES;
				GCC_WARN_64_TO_32_BIT_CONVERSION = YES;
				GCC_WARN_ABOUT_RETURN_TYPE = YES_ERROR;
				GCC_WARN_UNDECLARED_SELECTOR = YES;
				GCC_WARN_UNINITIALIZED_AUTOS = YES_AGGRESSIVE;
				GCC_WARN_UNUSED_FUNCTION = YES;
				GCC_WARN_UNUSED_VARIABLE = YES;
				IPHONEOS_DEPLOYMENT_TARGET = 15.4;
				MTL_ENABLE_DEBUG_INFO = NO;
				MTL_FAST_MATH = YES;
				SDKROOT = iphoneos;
				SWIFT_COMPILATION_MODE = wholemodule;
				SWIFT_OPTIMIZATION_LEVEL = "-O";
				VALIDATE_PRODUCT = YES;
			};
			name = Release;
		};
		993AD33A2826A909005D4D43 /* Debug */ = {
			isa = XCBuildConfiguration;
			buildSettings = {
				ASSETCATALOG_COMPILER_APPICON_NAME = AppIcon;
				ASSETCATALOG_COMPILER_GLOBAL_ACCENT_COLOR_NAME = AccentColor;
				CODE_SIGN_STYLE = Automatic;
				CURRENT_PROJECT_VERSION = 1;
				DEVELOPMENT_ASSET_PATHS = "\"ToDo/Preview Content\"";
				DEVELOPMENT_TEAM = MX49LZU2AV;
				ENABLE_PREVIEWS = YES;
				GENERATE_INFOPLIST_FILE = YES;
				INFOPLIST_KEY_UIApplicationSceneManifest_Generation = YES;
				INFOPLIST_KEY_UIApplicationSupportsIndirectInputEvents = YES;
				INFOPLIST_KEY_UILaunchScreen_Generation = YES;
				INFOPLIST_KEY_UISupportedInterfaceOrientations_iPad = "UIInterfaceOrientationPortrait UIInterfaceOrientationPortraitUpsideDown UIInterfaceOrientationLandscapeLeft UIInterfaceOrientationLandscapeRight";
				INFOPLIST_KEY_UISupportedInterfaceOrientations_iPhone = "UIInterfaceOrientationPortrait UIInterfaceOrientationLandscapeLeft UIInterfaceOrientationLandscapeRight";
				LD_RUNPATH_SEARCH_PATHS = (
					"$(inherited)",
					"@executable_path/Frameworks",
				);
				MARKETING_VERSION = 1.0;
				PRODUCT_BUNDLE_IDENTIFIER = com.packt.ToDo;
				PRODUCT_NAME = "$(TARGET_NAME)";
				SWIFT_EMIT_LOC_STRINGS = YES;
				SWIFT_VERSION = 5.0;
				TARGETED_DEVICE_FAMILY = "1,2";
			};
			name = Debug;
		};
		993AD33B2826A909005D4D43 /* Release */ = {
			isa = XCBuildConfiguration;
			buildSettings = {
				ASSETCATALOG_COMPILER_APPICON_NAME = AppIcon;
				ASSETCATALOG_COMPILER_GLOBAL_ACCENT_COLOR_NAME = AccentColor;
				CODE_SIGN_STYLE = Automatic;
				CURRENT_PROJECT_VERSION = 1;
				DEVELOPMENT_ASSET_PATHS = "\"ToDo/Preview Content\"";
				DEVELOPMENT_TEAM = MX49LZU2AV;
				ENABLE_PREVIEWS = YES;
				GENERATE_INFOPLIST_FILE = YES;
				INFOPLIST_KEY_UIApplicationSceneManifest_Generation = YES;
				INFOPLIST_KEY_UIApplicationSupportsIndirectInputEvents = YES;
				INFOPLIST_KEY_UILaunchScreen_Generation = YES;
				INFOPLIST_KEY_UISupportedInterfaceOrientations_iPad = "UIInterfaceOrientationPortrait UIInterfaceOrientationPortraitUpsideDown UIInterfaceOrientationLandscapeLeft UIInterfaceOrientationLandscapeRight";
				INFOPLIST_KEY_UISupportedInterfaceOrientations_iPhone = "UIInterfaceOrientationPortrait UIInterfaceOrientationLandscapeLeft UIInterfaceOrientationLandscapeRight";
				LD_RUNPATH_SEARCH_PATHS = (
					"$(inherited)",
					"@executable_path/Frameworks",
				);
				MARKETING_VERSION = 1.0;
				PRODUCT_BUNDLE_IDENTIFIER = com.packt.ToDo;
				PRODUCT_NAME = "$(TARGET_NAME)";
				SWIFT_EMIT_LOC_STRINGS = YES;
				SWIFT_VERSION = 5.0;
				TARGETED_DEVICE_FAMILY = "1,2";
			};
			name = Release;
		};
/* End XCBuildConfiguration section */

/* Begin XCConfigurationList section */
		993AD3262826A908005D4D43 /* Build configuration list for PBXProject "ToDo" */ = {
			isa = XCConfigurationList;
			buildConfigurations = (
				993AD3372826A909005D4D43 /* Debug */,
				993AD3382826A909005D4D43 /* Release */,
			);
			defaultConfigurationIsVisible = 0;
			defaultConfigurationName = Release;
		};
		993AD3392826A909005D4D43 /* Build configuration list for PBXNativeTarget "ToDo" */ = {
			isa = XCConfigurationList;
			buildConfigurations = (
				993AD33A2826A909005D4D43 /* Debug */,
				993AD33B2826A909005D4D43 /* Release */,
			);
			defaultConfigurationIsVisible = 0;
			defaultConfigurationName = Release;
		};
/* End XCConfigurationList section */
	};
	rootObject = 993AD3232826A908005D4D43 /* Project object */;
}
